
Microsoft Visual Studio Solution File, Format Version 12.00
# Visual Studio Version 17
VisualStudioVersion = 17.9.34701.34
MinimumVisualStudioVersion = 10.0.40219.1
Project("{FAE04EC0-301F-11D3-BF4B-00C04F79EFBC}") = "VoloLinkApp", "VoloLinkApp\VoloLinkApp.csproj", "{E723285E-466D-4BBA-8B65-9249EDB8E796}"
EndProject
Global
	GlobalSection(SolutionConfigurationPlatforms) = preSolution
		Debug|Any CPU = Debug|Any CPU
		Release|Any CPU = Release|Any CPU
	EndGlobalSection
	GlobalSection(ProjectConfigurationPlatforms) = postSolution
		{E723285E-466D-4BBA-8B65-9249EDB8E796}.Debug|Any CPU.ActiveCfg = Debug|Any CPU
		{E723285E-466D-4BBA-8B65-9249EDB8E796}.Debug|Any CPU.Build.0 = Debug|Any CPU
		{E723285E-466D-4BBA-8B65-9249EDB8E796}.Release|Any CPU.ActiveCfg = Release|Any CPU
		{E723285E-466D-4BBA-8B65-9249EDB8E796}.Release|Any CPU.Build.0 = Release|Any CPU
	EndGlobalSection
	GlobalSection(SolutionProperties) = preSolution
		HideSolutionNode = FALSE
	EndGlobalSection
	GlobalSection(ExtensibilityGlobals) = postSolution
		SolutionGuid = {CF19436B-00FE-44AC-806F-1473912C4B90}
	EndGlobalSection
EndGlobal
